// !$*UTF8*$!
{
	archiveVersion = 1;
	classes = {
	};
	objectVersion = 56;
	objects = {

/* Begin PBXBuildFile section */
		542BD5B829229343007D4B18 /* Uber_CloneApp.swift in Sources */ = {isa = PBXBuildFile; fileRef = 542BD5B729229343007D4B18 /* Uber_CloneApp.swift */; };
		542BD5BC29229345007D4B18 /* Assets.xcassets in Resources */ = {isa = PBXBuildFile; fileRef = 542BD5BB29229345007D4B18 /* Assets.xcassets */; };
		542BD5BF29229345007D4B18 /* Preview Assets.xcassets in Resources */ = {isa = PBXBuildFile; fileRef = 542BD5BE29229345007D4B18 /* Preview Assets.xcassets */; };
		543978D1292294AF0027962C /* HomeView.swift in Sources */ = {isa = PBXBuildFile; fileRef = 543978D0292294AF0027962C /* HomeView.swift */; };
		543978D3292295180027962C /* UberMapViewRespresentable.swift in Sources */ = {isa = PBXBuildFile; fileRef = 543978D2292295180027962C /* UberMapViewRespresentable.swift */; };
		543978D5292296FF0027962C /* LocationManager.swift in Sources */ = {isa = PBXBuildFile; fileRef = 543978D4292296FF0027962C /* LocationManager.swift */; };
		543978DC29229D960027962C /* LocationSearchActivationView.swift in Sources */ = {isa = PBXBuildFile; fileRef = 543978DB29229D960027962C /* LocationSearchActivationView.swift */; };
		543978DE29229ED40027962C /* MapViewActionButton.swift in Sources */ = {isa = PBXBuildFile; fileRef = 543978DD29229ED40027962C /* MapViewActionButton.swift */; };
		543978E029229FEB0027962C /* LocationSearchView.swift in Sources */ = {isa = PBXBuildFile; fileRef = 543978DF29229FEB0027962C /* LocationSearchView.swift */; };
		543978E22922A1D30027962C /* LocationSearchResultCell.swift in Sources */ = {isa = PBXBuildFile; fileRef = 543978E12922A1D30027962C /* LocationSearchResultCell.swift */; };
		54917D9F29264B2F00C3A30F /* LocationSearchViewModel.swift in Sources */ = {isa = PBXBuildFile; fileRef = 54917D9E29264B2F00C3A30F /* LocationSearchViewModel.swift */; };
		54917DA129273A8400C3A30F /* MapViewState.swift in Sources */ = {isa = PBXBuildFile; fileRef = 54917DA029273A8400C3A30F /* MapViewState.swift */; };
		54917DA42927526E00C3A30F /* RideRequestView.swift in Sources */ = {isa = PBXBuildFile; fileRef = 54917DA32927526E00C3A30F /* RideRequestView.swift */; };
		54917DA62927647300C3A30F /* RideType.swift in Sources */ = {isa = PBXBuildFile; fileRef = 54917DA52927647300C3A30F /* RideType.swift */; };
/* End PBXBuildFile section */

/* Begin PBXFileReference section */
		542BD5B429229343007D4B18 /* Uber Clone.app */ = {isa = PBXFileReference; explicitFileType = wrapper.application; includeInIndex = 0; path = "Uber Clone.app"; sourceTree = BUILT_PRODUCTS_DIR; };
		542BD5B729229343007D4B18 /* Uber_CloneApp.swift */ = {isa = PBXFileReference; lastKnownFileType = sourcecode.swift; path = Uber_CloneApp.swift; sourceTree = "<group>"; };
		542BD5BB29229345007D4B18 /* Assets.xcassets */ = {isa = PBXFileReference; lastKnownFileType = folder.assetcatalog; path = Assets.xcassets; sourceTree = "<group>"; };
		542BD5BE29229345007D4B18 /* Preview Assets.xcassets */ = {isa = PBXFileReference; lastKnownFileType = folder.assetcatalog; path = "Preview Assets.xcassets"; sourceTree = "<group>"; };
		543978D0292294AF0027962C /* HomeView.swift */ = {isa = PBXFileReference; lastKnownFileType = sourcecode.swift; path = HomeView.swift; sourceTree = "<group>"; };
		543978D2292295180027962C /* UberMapViewRespresentable.swift */ = {isa = PBXFileReference; lastKnownFileType = sourcecode.swift; path = UberMapViewRespresentable.swift; sourceTree = "<group>"; };
		543978D4292296FF0027962C /* LocationManager.swift */ = {isa = PBXFileReference; lastKnownFileType = sourcecode.swift; path = LocationManager.swift; sourceTree = "<group>"; };
		543978DB29229D960027962C /* LocationSearchActivationView.swift */ = {isa = PBXFileReference; lastKnownFileType = sourcecode.swift; path = LocationSearchActivationView.swift; sourceTree = "<group>"; };
		543978DD29229ED40027962C /* MapViewActionButton.swift */ = {isa = PBXFileReference; lastKnownFileType = sourcecode.swift; path = MapViewActionButton.swift; sourceTree = "<group>"; };
		543978DF29229FEB0027962C /* LocationSearchView.swift */ = {isa = PBXFileReference; lastKnownFileType = sourcecode.swift; path = LocationSearchView.swift; sourceTree = "<group>"; };
		543978E12922A1D30027962C /* LocationSearchResultCell.swift */ = {isa = PBXFileReference; lastKnownFileType = sourcecode.swift; path = LocationSearchResultCell.swift; sourceTree = "<group>"; };
		54917D9E29264B2F00C3A30F /* LocationSearchViewModel.swift */ = {isa = PBXFileReference; lastKnownFileType = sourcecode.swift; path = LocationSearchViewModel.swift; sourceTree = "<group>"; };
		54917DA029273A8400C3A30F /* MapViewState.swift */ = {isa = PBXFileReference; lastKnownFileType = sourcecode.swift; path = MapViewState.swift; sourceTree = "<group>"; };
		54917DA32927526E00C3A30F /* RideRequestView.swift */ = {isa = PBXFileReference; lastKnownFileType = sourcecode.swift; path = RideRequestView.swift; sourceTree = "<group>"; };
		54917DA52927647300C3A30F /* RideType.swift */ = {isa = PBXFileReference; lastKnownFileType = sourcecode.swift; path = RideType.swift; sourceTree = "<group>"; };
/* End PBXFileReference section */

/* Begin PBXFrameworksBuildPhase section */
		542BD5B129229343007D4B18 /* Frameworks */ = {
			isa = PBXFrameworksBuildPhase;
			buildActionMask = 2147483647;
			files = (
			);
			runOnlyForDeploymentPostprocessing = 0;
		};
/* End PBXFrameworksBuildPhase section */

/* Begin PBXGroup section */
		542BD5AB29229343007D4B18 = {
			isa = PBXGroup;
			children = (
				542BD5B629229343007D4B18 /* Uber Clone */,
				542BD5B529229343007D4B18 /* Products */,
			);
			sourceTree = "<group>";
		};
		542BD5B529229343007D4B18 /* Products */ = {
			isa = PBXGroup;
			children = (
				542BD5B429229343007D4B18 /* Uber Clone.app */,
			);
			name = Products;
			sourceTree = "<group>";
		};
		542BD5B629229343007D4B18 /* Uber Clone */ = {
			isa = PBXGroup;
			children = (
				54B2F3E3292293CA00A25364 /* App */,
				54B2F3E2292293C500A25364 /* Core */,
				542BD5CD29229393007D4B18 /* Extensions */,
				542BD5CC29229389007D4B18 /* Managers */,
				542BD5CB2922937B007D4B18 /* Models */,
				542BD5B729229343007D4B18 /* Uber_CloneApp.swift */,
				542BD5BB29229345007D4B18 /* Assets.xcassets */,
				542BD5BD29229345007D4B18 /* Preview Content */,
			);
			path = "Uber Clone";
			sourceTree = "<group>";
		};
		542BD5BD29229345007D4B18 /* Preview Content */ = {
			isa = PBXGroup;
			children = (
				542BD5BE29229345007D4B18 /* Preview Assets.xcassets */,
			);
			path = "Preview Content";
			sourceTree = "<group>";
		};
		542BD5CB2922937B007D4B18 /* Models */ = {
			isa = PBXGroup;
			children = (
				54917DA029273A8400C3A30F /* MapViewState.swift */,
				54917DA52927647300C3A30F /* RideType.swift */,
			);
			path = Models;
			sourceTree = "<group>";
		};
		542BD5CC29229389007D4B18 /* Managers */ = {
			isa = PBXGroup;
			children = (
				543978D4292296FF0027962C /* LocationManager.swift */,
			);
			path = Managers;
			sourceTree = "<group>";
		};
		542BD5CD29229393007D4B18 /* Extensions */ = {
			isa = PBXGroup;
			children = (
			);
			path = Extensions;
			sourceTree = "<group>";
		};
		543978CE2922949C0027962C /* ViewModel */ = {
			isa = PBXGroup;
			children = (
			);
			path = ViewModel;
			sourceTree = "<group>";
		};
		543978D629229D100027962C /* Home */ = {
			isa = PBXGroup;
			children = (
				543978CE2922949C0027962C /* ViewModel */,
				543978D829229D410027962C /* View */,
			);
			path = Home;
			sourceTree = "<group>";
		};
		543978D729229D1F0027962C /* LocationSearch */ = {
			isa = PBXGroup;
			children = (
				543978DA29229D760027962C /* ViewModel */,
				543978D929229D710027962C /* View */,
			);
			path = LocationSearch;
			sourceTree = "<group>";
		};
		543978D829229D410027962C /* View */ = {
			isa = PBXGroup;
			children = (
				543978D0292294AF0027962C /* HomeView.swift */,
				543978D2292295180027962C /* UberMapViewRespresentable.swift */,
				543978DD29229ED40027962C /* MapViewActionButton.swift */,
			);
			path = View;
			sourceTree = "<group>";
		};
		543978D929229D710027962C /* View */ = {
			isa = PBXGroup;
			children = (
				543978DB29229D960027962C /* LocationSearchActivationView.swift */,
				543978DF29229FEB0027962C /* LocationSearchView.swift */,
				543978E12922A1D30027962C /* LocationSearchResultCell.swift */,
			);
			path = View;
			sourceTree = "<group>";
		};
		543978DA29229D760027962C /* ViewModel */ = {
			isa = PBXGroup;
			children = (
				54917D9E29264B2F00C3A30F /* LocationSearchViewModel.swift */,
			);
			path = ViewModel;
			sourceTree = "<group>";
		};
		54917DA22927525900C3A30F /* Trips */ = {
			isa = PBXGroup;
			children = (
				54917DA32927526E00C3A30F /* RideRequestView.swift */,
			);
			path = Trips;
			sourceTree = "<group>";
		};
		54B2F3E2292293C500A25364 /* Core */ = {
			isa = PBXGroup;
			children = (
				54917DA22927525900C3A30F /* Trips */,
				543978D729229D1F0027962C /* LocationSearch */,
				543978D629229D100027962C /* Home */,
			);
			path = Core;
			sourceTree = "<group>";
		};
		54B2F3E3292293CA00A25364 /* App */ = {
			isa = PBXGroup;
			children = (
			);
			path = App;
			sourceTree = "<group>";
		};
/* End PBXGroup section */

/* Begin PBXNativeTarget section */
		542BD5B329229343007D4B18 /* Uber Clone */ = {
			isa = PBXNativeTarget;
			buildConfigurationList = 542BD5C229229345007D4B18 /* Build configuration list for PBXNativeTarget "Uber Clone" */;
			buildPhases = (
				542BD5B029229343007D4B18 /* Sources */,
				542BD5B129229343007D4B18 /* Frameworks */,
				542BD5B229229343007D4B18 /* Resources */,
			);
			buildRules = (
			);
			dependencies = (
			);
			name = "Uber Clone";
			productName = "Uber Clone";
			productReference = 542BD5B429229343007D4B18 /* Uber Clone.app */;
			productType = "com.apple.product-type.application";
		};
/* End PBXNativeTarget section */

/* Begin PBXProject section */
		542BD5AC29229343007D4B18 /* Project object */ = {
			isa = PBXProject;
			attributes = {
				BuildIndependentTargetsInParallel = 1;
				LastSwiftUpdateCheck = 1410;
				LastUpgradeCheck = 1410;
				TargetAttributes = {
					542BD5B329229343007D4B18 = {
						CreatedOnToolsVersion = 14.1;
					};
				};
			};
			buildConfigurationList = 542BD5AF29229343007D4B18 /* Build configuration list for PBXProject "Uber Clone" */;
			compatibilityVersion = "Xcode 14.0";
			developmentRegion = en;
			hasScannedForEncodings = 0;
			knownRegions = (
				en,
				Base,
			);
			mainGroup = 542BD5AB29229343007D4B18;
			productRefGroup = 542BD5B529229343007D4B18 /* Products */;
			projectDirPath = "";
			projectRoot = "";
			targets = (
				542BD5B329229343007D4B18 /* Uber Clone */,
			);
		};
/* End PBXProject section */

/* Begin PBXResourcesBuildPhase section */
		542BD5B229229343007D4B18 /* Resources */ = {
			isa = PBXResourcesBuildPhase;
			buildActionMask = 2147483647;
			files = (
				542BD5BF29229345007D4B18 /* Preview Assets.xcassets in Resources */,
				542BD5BC29229345007D4B18 /* Assets.xcassets in Resources */,
			);
			runOnlyForDeploymentPostprocessing = 0;
		};
/* End PBXResourcesBuildPhase section */

/* Begin PBXSourcesBuildPhase section */
		542BD5B029229343007D4B18 /* Sources */ = {
			isa = PBXSourcesBuildPhase;
			buildActionMask = 2147483647;
			files = (
				54917D9F29264B2F00C3A30F /* LocationSearchViewModel.swift in Sources */,
				543978E029229FEB0027962C /* LocationSearchView.swift in Sources */,
				543978D5292296FF0027962C /* LocationManager.swift in Sources */,
				54917DA42927526E00C3A30F /* RideRequestView.swift in Sources */,
				54917DA129273A8400C3A30F /* MapViewState.swift in Sources */,
				543978DE29229ED40027962C /* MapViewActionButton.swift in Sources */,
				543978D3292295180027962C /* UberMapViewRespresentable.swift in Sources */,
				542BD5B829229343007D4B18 /* Uber_CloneApp.swift in Sources */,
				543978D1292294AF0027962C /* HomeView.swift in Sources */,
				543978DC29229D960027962C /* LocationSearchActivationView.swift in Sources */,
				543978E22922A1D30027962C /* LocationSearchResultCell.swift in Sources */,
				54917DA62927647300C3A30F /* RideType.swift in Sources */,
			);
			runOnlyForDeploymentPostprocessing = 0;
		};
/* End PBXSourcesBuildPhase section */

/* Begin XCBuildConfiguration section */
		542BD5C029229345007D4B18 /* Debug */ = {
			isa = XCBuildConfiguration;
			buildSettings = {
				ALWAYS_SEARCH_USER_PATHS = NO;
				CLANG_ANALYZER_NONNULL = YES;
				CLANG_ANALYZER_NUMBER_OBJECT_CONVERSION = YES_AGGRESSIVE;
				CLANG_CXX_LANGUAGE_STANDARD = "gnu++20";
				CLANG_ENABLE_MODULES = YES;
				CLANG_ENABLE_OBJC_ARC = YES;
				CLANG_ENABLE_OBJC_WEAK = YES;
				CLANG_WARN_BLOCK_CAPTURE_AUTORELEASING = YES;
				CLANG_WARN_BOOL_CONVERSION = YES;
				CLANG_WARN_COMMA = YES;
				CLANG_WARN_CONSTANT_CONVERSION = YES;
				CLANG_WARN_DEPRECATED_OBJC_IMPLEMENTATIONS = YES;
				CLANG_WARN_DIRECT_OBJC_ISA_USAGE = YES_ERROR;
				CLANG_WARN_DOCUMENTATION_COMMENTS = YES;
				CLANG_WARN_EMPTY_BODY = YES;
				CLANG_WARN_ENUM_CONVERSION = YES;
				CLANG_WARN_INFINITE_RECURSION = YES;
				CLANG_WARN_INT_CONVERSION = YES;
				CLANG_WARN_NON_LITERAL_NULL_CONVERSION = YES;
				CLANG_WARN_OBJC_IMPLICIT_RETAIN_SELF = YES;
				CLANG_WARN_OBJC_LITERAL_CONVERSION = YES;
				CLANG_WARN_OBJC_ROOT_CLASS = YES_ERROR;
				CLANG_WARN_QUOTED_INCLUDE_IN_FRAMEWORK_HEADER = YES;
				CLANG_WARN_RANGE_LOOP_ANALYSIS = YES;
				CLANG_WARN_STRICT_PROTOTYPES = YES;
				CLANG_WARN_SUSPICIOUS_MOVE = YES;
				CLANG_WARN_UNGUARDED_AVAILABILITY = YES_AGGRESSIVE;
				CLANG_WARN_UNREACHABLE_CODE = YES;
				CLANG_WARN__DUPLICATE_METHOD_MATCH = YES;
				COPY_PHASE_STRIP = NO;
				DEBUG_INFORMATION_FORMAT = dwarf;
				ENABLE_STRICT_OBJC_MSGSEND = YES;
				ENABLE_TESTABILITY = YES;
				GCC_C_LANGUAGE_STANDARD = gnu11;
				GCC_DYNAMIC_NO_PIC = NO;
				GCC_NO_COMMON_BLOCKS = YES;
				GCC_OPTIMIZATION_LEVEL = 0;
				GCC_PREPROCESSOR_DEFINITIONS = (
					"DEBUG=1",
					"$(inherited)",
				);
				GCC_WARN_64_TO_32_BIT_CONVERSION = YES;
				GCC_WARN_ABOUT_RETURN_TYPE = YES_ERROR;
				GCC_WARN_UNDECLARED_SELECTOR = YES;
				GCC_WARN_UNINITIALIZED_AUTOS = YES_AGGRESSIVE;
				GCC_WARN_UNUSED_FUNCTION = YES;
				GCC_WARN_UNUSED_VARIABLE = YES;
				IPHONEOS_DEPLOYMENT_TARGET = 16.1;
				MTL_ENABLE_DEBUG_INFO = INCLUDE_SOURCE;
				MTL_FAST_MATH = YES;
				ONLY_ACTIVE_ARCH = YES;
				SDKROOT = iphoneos;
				SWIFT_ACTIVE_COMPILATION_CONDITIONS = DEBUG;
				SWIFT_OPTIMIZATION_LEVEL = "-Onone";
			};
			name = Debug;
		};
		542BD5C129229345007D4B18 /* Release */ = {
			isa = XCBuildConfiguration;
			buildSettings = {
				ALWAYS_SEARCH_USER_PATHS = NO;
				CLANG_ANALYZER_NONNULL = YES;
				CLANG_ANALYZER_NUMBER_OBJECT_CONVERSION = YES_AGGRESSIVE;
				CLANG_CXX_LANGUAGE_STANDARD = "gnu++20";
				CLANG_ENABLE_MODULES = YES;
				CLANG_ENABLE_OBJC_ARC = YES;
				CLANG_ENABLE_OBJC_WEAK = YES;
				CLANG_WARN_BLOCK_CAPTURE_AUTORELEASING = YES;
				CLANG_WARN_BOOL_CONVERSION = YES;
				CLANG_WARN_COMMA = YES;
				CLANG_WARN_CONSTANT_CONVERSION = YES;
				CLANG_WARN_DEPRECATED_OBJC_IMPLEMENTATIONS = YES;
				CLANG_WARN_DIRECT_OBJC_ISA_USAGE = YES_ERROR;
				CLANG_WARN_DOCUMENTATION_COMMENTS = YES;
				CLANG_WARN_EMPTY_BODY = YES;
				CLANG_WARN_ENUM_CONVERSION = YES;
				CLANG_WARN_INFINITE_RECURSION = YES;
				CLANG_WARN_INT_CONVERSION = YES;
				CLANG_WARN_NON_LITERAL_NULL_CONVERSION = YES;
				CLANG_WARN_OBJC_IMPLICIT_RETAIN_SELF = YES;
				CLANG_WARN_OBJC_LITERAL_CONVERSION = YES;
				CLANG_WARN_OBJC_ROOT_CLASS = YES_ERROR;
				CLANG_WARN_QUOTED_INCLUDE_IN_FRAMEWORK_HEADER = YES;
				CLANG_WARN_RANGE_LOOP_ANALYSIS = YES;
				CLANG_WARN_STRICT_PROTOTYPES = YES;
				CLANG_WARN_SUSPICIOUS_MOVE = YES;
				CLANG_WARN_UNGUARDED_AVAILABILITY = YES_AGGRESSIVE;
				CLANG_WARN_UNREACHABLE_CODE = YES;
				CLANG_WARN__DUPLICATE_METHOD_MATCH = YES;
				COPY_PHASE_STRIP = NO;
				DEBUG_INFORMATION_FORMAT = "dwarf-with-dsym";
				ENABLE_NS_ASSERTIONS = NO;
				ENABLE_STRICT_OBJC_MSGSEND = YES;
				GCC_C_LANGUAGE_STANDARD = gnu11;
				GCC_NO_COMMON_BLOCKS = YES;
				GCC_WARN_64_TO_32_BIT_CONVERSION = YES;
				GCC_WARN_ABOUT_RETURN_TYPE = YES_ERROR;
				GCC_WARN_UNDECLARED_SELECTOR = YES;
				GCC_WARN_UNINITIALIZED_AUTOS = YES_AGGRESSIVE;
				GCC_WARN_UNUSED_FUNCTION = YES;
				GCC_WARN_UNUSED_VARIABLE = YES;
				IPHONEOS_DEPLOYMENT_TARGET = 16.1;
				MTL_ENABLE_DEBUG_INFO = NO;
				MTL_FAST_MATH = YES;
				SDKROOT = iphoneos;
				SWIFT_COMPILATION_MODE = wholemodule;
				SWIFT_OPTIMIZATION_LEVEL = "-O";
				VALIDATE_PRODUCT = YES;
			};
			name = Release;
		};
		542BD5C329229345007D4B18 /* Debug */ = {
			isa = XCBuildConfiguration;
			buildSettings = {
				ASSETCATALOG_COMPILER_APPICON_NAME = AppIcon;
				ASSETCATALOG_COMPILER_GLOBAL_ACCENT_COLOR_NAME = AccentColor;
				CODE_SIGN_STYLE = Automatic;
				CURRENT_PROJECT_VERSION = 1;
				DEVELOPMENT_ASSET_PATHS = "\"Uber Clone/Preview Content\"";
				DEVELOPMENT_TEAM = 9GB3FK5KD8;
				ENABLE_PREVIEWS = YES;
				GENERATE_INFOPLIST_FILE = YES;
				INFOPLIST_KEY_NSLocationWhenInUseUsageDescription = "";
				INFOPLIST_KEY_UIApplicationSceneManifest_Generation = YES;
				INFOPLIST_KEY_UIApplicationSupportsIndirectInputEvents = YES;
				INFOPLIST_KEY_UILaunchScreen_Generation = YES;
				INFOPLIST_KEY_UISupportedInterfaceOrientations_iPad = "UIInterfaceOrientationPortrait UIInterfaceOrientationPortraitUpsideDown UIInterfaceOrientationLandscapeLeft UIInterfaceOrientationLandscapeRight";
				INFOPLIST_KEY_UISupportedInterfaceOrientations_iPhone = "UIInterfaceOrientationPortrait UIInterfaceOrientationLandscapeLeft UIInterfaceOrientationLandscapeRight";
				LD_RUNPATH_SEARCH_PATHS = (
					"$(inherited)",
					"@executable_path/Frameworks",
				);
				MARKETING_VERSION = 1.0;
				PRODUCT_BUNDLE_IDENTIFIER = "com.lowjungxuan.Uber-Clone";
				PRODUCT_NAME = "$(TARGET_NAME)";
				SWIFT_EMIT_LOC_STRINGS = YES;
				SWIFT_VERSION = 5.0;
				TARGETED_DEVICE_FAMILY = "1,2";
			};
			name = Debug;
		};
		542BD5C429229345007D4B18 /* Release */ = {
			isa = XCBuildConfiguration;
			buildSettings = {
				ASSETCATALOG_COMPILER_APPICON_NAME = AppIcon;
				ASSETCATALOG_COMPILER_GLOBAL_ACCENT_COLOR_NAME = AccentColor;
				CODE_SIGN_STYLE = Automatic;
				CURRENT_PROJECT_VERSION = 1;
				DEVELOPMENT_ASSET_PATHS = "\"Uber Clone/Preview Content\"";
				DEVELOPMENT_TEAM = 9GB3FK5KD8;
				ENABLE_PREVIEWS = YES;
				GENERATE_INFOPLIST_FILE = YES;
				INFOPLIST_KEY_NSLocationWhenInUseUsageDescription = "";
				INFOPLIST_KEY_UIApplicationSceneManifest_Generation = YES;
				INFOPLIST_KEY_UIApplicationSupportsIndirectInputEvents = YES;
				INFOPLIST_KEY_UILaunchScreen_Generation = YES;
				INFOPLIST_KEY_UISupportedInterfaceOrientations_iPad = "UIInterfaceOrientationPortrait UIInterfaceOrientationPortraitUpsideDown UIInterfaceOrientationLandscapeLeft UIInterfaceOrientationLandscapeRight";
				INFOPLIST_KEY_UISupportedInterfaceOrientations_iPhone = "UIInterfaceOrientationPortrait UIInterfaceOrientationLandscapeLeft UIInterfaceOrientationLandscapeRight";
				LD_RUNPATH_SEARCH_PATHS = (
					"$(inherited)",
					"@executable_path/Frameworks",
				);
				MARKETING_VERSION = 1.0;
				PRODUCT_BUNDLE_IDENTIFIER = "com.lowjungxuan.Uber-Clone";
				PRODUCT_NAME = "$(TARGET_NAME)";
				SWIFT_EMIT_LOC_STRINGS = YES;
				SWIFT_VERSION = 5.0;
				TARGETED_DEVICE_FAMILY = "1,2";
			};
			name = Release;
		};
/* End XCBuildConfiguration section */

/* Begin XCConfigurationList section */
		542BD5AF29229343007D4B18 /* Build configuration list for PBXProject "Uber Clone" */ = {
			isa = XCConfigurationList;
			buildConfigurations = (
				542BD5C029229345007D4B18 /* Debug */,
				542BD5C129229345007D4B18 /* Release */,
			);
			defaultConfigurationIsVisible = 0;
			defaultConfigurationName = Release;
		};
		542BD5C229229345007D4B18 /* Build configuration list for PBXNativeTarget "Uber Clone" */ = {
			isa = XCConfigurationList;
			buildConfigurations = (
				542BD5C329229345007D4B18 /* Debug */,
				542BD5C429229345007D4B18 /* Release */,
			);
			defaultConfigurationIsVisible = 0;
			defaultConfigurationName = Release;
		};
/* End XCConfigurationList section */
	};
	rootObject = 542BD5AC29229343007D4B18 /* Project object */;
}
